{
    "name": "@sorskoot/wonderland-components",
    "version": "1.5.5",
    "lockfileVersion": 3,
    "requires": true,
    "packages": {
        "": {
            "name": "@sorskoot/wonderland-components",
            "version": "1.5.5",
            "license": "MIT",
            "dependencies": {
                "gl-matrix": "^3.4.3"
            },
            "bin": {
                "cbor-encode": "bin/cbor-encode"
            },
            "devDependencies": {
                "@types/node": "^22.10.5",
                "@types/react": "^19.1.1",
                "@wonderlandengine/api": "file:../../Tools/Wonderland Nightly/js/api/wonderlandengine-api.tgz",
                "cbor2": "^2.0.1",
                "react": "^19.1.0",
                "typescript": "^5.6.3"
            },
            "peerDependencies": {
                "@wonderlandengine/api": "^>=1.3.0",
                "@wonderlandengine/components": ">=1.2.0",
                "@wonderlandengine/react-ui": ">=0.2.4",
                "react": ">=16.8.0"
            },
            "peerDependenciesMeta": {
                "@wonderlandengine/react-ui": {
                    "optional": true
                },
                "react": {
                    "optional": true
                }
            }
        },
        "node_modules/@cto.af/wtf8": {
            "version": "0.0.2",
            "resolved": "https://registry.npmjs.org/@cto.af/wtf8/-/wtf8-0.0.2.tgz",
            "integrity": "sha512-ATm4UQiKrdm5GnU6BvIwUDN+LDEtt23zuzKFpnfDT59ULAd0aMYm/nSFzbSO02garLcXumRC13PzNfa7BsfvSg==",
            "dev": true,
            "license": "MIT",
            "engines": {
                "node": ">=20"
            }
        },
        "node_modules/@types/earcut": {
            "version": "2.1.4",
            "resolved": "https://registry.npmjs.org/@types/earcut/-/earcut-2.1.4.tgz",
            "integrity": "sha512-qp3m9PPz4gULB9MhjGID7wpo3gJ4bTGXm7ltNDsmOvsPduTeHp8wSW9YckBj3mljeOh4F0m2z/0JKAALRKbmLQ==",
            "license": "MIT",
            "peer": true
        },
        "node_modules/@types/node": {
            "version": "22.18.6",
            "resolved": "https://registry.npmjs.org/@types/node/-/node-22.18.6.tgz",
            "integrity": "sha512-r8uszLPpeIWbNKtvWRt/DbVi5zbqZyj1PTmhRMqBMvDnaz1QpmSKujUtJLrqGZeoM8v72MfYggDceY4K1itzWQ==",
            "dev": true,
            "license": "MIT",
            "dependencies": {
                "undici-types": "~6.21.0"
            }
        },
        "node_modules/@types/react": {
            "version": "19.1.13",
            "resolved": "https://registry.npmjs.org/@types/react/-/react-19.1.13.tgz",
            "integrity": "sha512-hHkbU/eoO3EG5/MZkuFSKmYqPbSVk5byPFa3e7y/8TybHiLMACgI8seVYlicwk7H5K/rI2px9xrQp/C+AUDTiQ==",
            "dev": true,
            "license": "MIT",
            "dependencies": {
                "csstype": "^3.0.2"
            }
        },
        "node_modules/@types/webxr": {
            "version": "0.5.23",
            "resolved": "https://registry.npmjs.org/@types/webxr/-/webxr-0.5.23.tgz",
            "integrity": "sha512-GPe4AsfOSpqWd3xA/0gwoKod13ChcfV67trvxaW2krUbgb9gxQjnCx8zGshzMl8LSHZlNH5gQ8LNScsDuc7nGQ==",
            "license": "MIT"
        },
        "node_modules/@wonderlandengine/api": {
            "version": "1.5.0",
            "resolved": "file:../../Tools/Wonderland Nightly/js/api/wonderlandengine-api.tgz",
            "integrity": "sha512-DyeGixzN70EBRSOfZSNyr7Yj+cKj2P1xJEQgSnoFD/sCjIgxnx9AGuU+gtBZjjCJ4GeHfCCSK+nqNx0dccx7rw==",
            "license": "MIT",
            "dependencies": {
                "@types/webxr": "^0.5.0"
            }
        },
        "node_modules/@wonderlandengine/components": {
            "version": "1.2.3",
            "resolved": "https://registry.npmjs.org/@wonderlandengine/components/-/components-1.2.3.tgz",
            "integrity": "sha512-O2PM3D1+fRvGpbIhVJivD6NdgYT9t6iBKAuUTuK0GNYQOWnHNCixgDZ3nijibSSgWA0X1IEr7dlRStuFJjR5Xg==",
            "license": "MIT",
            "peer": true,
            "dependencies": {
                "@types/earcut": "^2.1.1",
                "@types/webxr": "^0.5.21",
                "@wonderlandengine/spatial-audio": "^1.2.3",
                "earcut": "^2.2.4",
                "gl-matrix": "^3.3.0"
            },
            "peerDependencies": {
                "@wonderlandengine/api": "^1.1.0"
            }
        },
        "node_modules/@wonderlandengine/spatial-audio": {
            "version": "1.2.4",
            "resolved": "https://registry.npmjs.org/@wonderlandengine/spatial-audio/-/spatial-audio-1.2.4.tgz",
            "integrity": "sha512-zA2t4r0H1EXP3rvAIPXadYfeuidGTP/9QFhJ0nBHdW7h5ZPqxMF/LGIp1mSH/Oi/6obkKfNnPYGgMIgfG0wFPQ==",
            "license": "MIT",
            "peer": true,
            "peerDependencies": {
                "@wonderlandengine/api": "^1.0.0",
                "@wonderlandengine/components": "^1.0.6",
                "gl-matrix": "^3.4.3"
            }
        },
        "node_modules/cbor2": {
            "version": "2.0.1",
            "resolved": "https://registry.npmjs.org/cbor2/-/cbor2-2.0.1.tgz",
            "integrity": "sha512-9bE8+tueGxONyxpttNKkAKKcGVtAPeoSJ64AjVTTjEuBOuRaeeP76EN9BbmQqkz1ZeTP0QPvksNBKwvEutIUzQ==",
            "dev": true,
            "license": "MIT",
            "dependencies": {
                "@cto.af/wtf8": "0.0.2"
            },
            "engines": {
                "node": ">=20"
            }
        },
        "node_modules/csstype": {
            "version": "3.1.3",
            "resolved": "https://registry.npmjs.org/csstype/-/csstype-3.1.3.tgz",
            "integrity": "sha512-M1uQkMl8rQK/szD0LNhtqxIPLpimGm8sOBwU7lLnCpSbTyY3yeU1Vc7l4KT5zT4s/yOxHH5O7tIuuLOCnLADRw==",
            "dev": true,
            "license": "MIT"
        },
        "node_modules/earcut": {
            "version": "2.2.4",
            "resolved": "https://registry.npmjs.org/earcut/-/earcut-2.2.4.tgz",
            "integrity": "sha512-/pjZsA1b4RPHbeWZQn66SWS8nZZWLQQ23oE3Eam7aroEFGEvwKAsJfZ9ytiEMycfzXWpca4FA9QIOehf7PocBQ==",
            "license": "ISC",
            "peer": true
        },
        "node_modules/gl-matrix": {
            "version": "3.4.4",
            "resolved": "https://registry.npmjs.org/gl-matrix/-/gl-matrix-3.4.4.tgz",
            "integrity": "sha512-latSnyDNt/8zYUB6VIJ6PCh2jBjJX6gnDsoCZ7LyW7GkqrD51EWwa9qCoGixj8YqBtETQK/xY7OmpTF8xz1DdQ==",
            "license": "MIT"
        },
        "node_modules/react": {
            "version": "19.1.1",
            "resolved": "https://registry.npmjs.org/react/-/react-19.1.1.tgz",
            "integrity": "sha512-w8nqGImo45dmMIfljjMwOGtbmC/mk4CMYhWIicdSflH91J9TyCyczcPFXJzrZ/ZXcgGRFeP6BU0BEJTw6tZdfQ==",
            "dev": true,
            "license": "MIT",
            "engines": {
                "node": ">=0.10.0"
            }
        },
        "node_modules/typescript": {
            "version": "5.9.2",
            "resolved": "https://registry.npmjs.org/typescript/-/typescript-5.9.2.tgz",
            "integrity": "sha512-CWBzXQrc/qOkhidw1OzBTQuYRbfyxDXJMVJ1XNwUHGROVmuaeiEm3OslpZ1RV96d7SKKjZKrSJu3+t/xlw3R9A==",
            "dev": true,
            "license": "Apache-2.0",
            "bin": {
                "tsc": "bin/tsc",
                "tsserver": "bin/tsserver"
            },
            "engines": {
                "node": ">=14.17"
            }
        },
        "node_modules/undici-types": {
            "version": "6.21.0",
            "resolved": "https://registry.npmjs.org/undici-types/-/undici-types-6.21.0.tgz",
            "integrity": "sha512-iwDZqg0QAGrg9Rav5H4n0M64c3mkR59cJ6wQp+7C4nI0gsmExaedaYLNO44eT4AtBBwjbTiGPMlt2Md0T9H9JQ==",
            "dev": true,
            "license": "MIT"
        }
    }
}
