{
  "name": "plugins",
  "version": "1.0.0",
  "lockfileVersion": 3,
  "requires": true,
  "packages": {
    "": {
      "name": "plugins",
      "version": "1.0.0",
      "license": "ISC",
      "dependencies": {
        "@wonderlandengine/editor-api": "^1.4.5"
      }
    },
    "node_modules/@wonderlandengine/editor-api": {
      "version": "1.4.5",
      "resolved": "https://registry.npmjs.org/@wonderlandengine/editor-api/-/editor-api-1.4.5.tgz",
      "integrity": "sha512-mjydNlF/Y2v+zzmbL2AonpdfWeMAPzx2nvuDTRB5Pg11Fkmzwp6mupDnSEBT01Enh9tuRCT3TAIaQ0rmSup8Sg==",
      "license": "MIT"
    }
  }
}
